
Microsoft Visual Studio Solution File, Format Version 12.00
# Visual Studio 2012
Project("{FAE04EC0-301F-11D3-BF4B-00C04F79EFBC}") = "Compi_segundo", "OCTO4\Compi_segundo.csproj", "{1469F29D-78BB-4BA4-8A2A-D74B3C3085EE}"
EndProject
Global
	GlobalSection(SolutionConfigurationPlatforms) = preSolution
		Debug|x86 = Debug|x86
		Release|x86 = Release|x86
	EndGlobalSection
	GlobalSection(ProjectConfigurationPlatforms) = postSolution
		{1469F29D-78BB-4BA4-8A2A-D74B3C3085EE}.Debug|x86.ActiveCfg = Debug|x86
		{1469F29D-78BB-4BA4-8A2A-D74B3C3085EE}.Debug|x86.Build.0 = Debug|x86
		{1469F29D-78BB-4BA4-8A2A-D74B3C3085EE}.Release|x86.ActiveCfg = Release|x86
		{1469F29D-78BB-4BA4-8A2A-D74B3C3085EE}.Release|x86.Build.0 = Release|x86
	EndGlobalSection
	GlobalSection(MonoDevelopProperties) = preSolution
		StartupItem = OCTO4\Compi_segundo.csproj
	EndGlobalSection
EndGlobal
